{
  "name": "client",
  "lockfileVersion": 2,
  "requires": true,
  "packages": {
    "": {
      "dependencies": {
        "backend": "file:.."
      }
    },
    "..": {
      "version": "1.0.0",
      "license": "ISC",
      "dependencies": {
        "body-parser": "^1.19.0",
        "cors": "^2.8.5",
        "dotenv": "^8.2.0",
        "express": "^4.16.4",
        "mongoose": "^5.12.5"
      },
      "engines": {
        "node": ">=10.0.0"
      }
    },
    "node_modules/backend": {
      "resolved": "..",
      "link": true
    }
  },
  "dependencies": {
    "backend": {
      "version": "file:..",
      "requires": {
        "body-parser": "^1.19.0",
        "cors": "^2.8.5",
        "dotenv": "^8.2.0",
        "express": "^4.16.4",
        "mongoose": "^5.12.5"
      }
    }
  }
}
